
Microsoft Visual Studio Solution File, Format Version 12.00
# Visual Studio 15
VisualStudioVersion = 15.0.27004.2005
MinimumVisualStudioVersion = 10.0.40219.1
Project("{2150E333-8FDC-42A3-9474-1A3956D46DE8}") = "Solution Items", "Solution Items", "{6BD5E912-27C1-42A3-ABFC-6D742923C2F0}"
	ProjectSection(SolutionItems) = preProject
		..\.gitignore = ..\.gitignore
		..\README.md = ..\README.md
	EndProjectSection
EndProject
Project("{A07B5EB6-E848-4116-A8D0-A826331D98C6}") = "SfApplication", "SfApplication\SfApplication.sfproj", "{82B200C3-4913-424B-9AA7-13F64C7D4904}"
EndProject
Project("{9A19103F-16F7-4668-BE54-9A1E7A4F7556}") = "FootballStatsApi", "FootballStatsApi\FootballStatsApi.csproj", "{3074A97F-0AE1-4EC4-833B-91DABEE34014}"
EndProject
Project("{FAE04EC0-301F-11D3-BF4B-00C04F79EFBC}") = "FootballStatsApi.Common", "FootballStatsApi.Common\FootballStatsApi.Common.csproj", "{A9C5B424-964D-4A0D-852F-18B1EF0929B9}"
EndProject
Project("{FAE04EC0-301F-11D3-BF4B-00C04F79EFBC}") = "FootballStatsApi.Dal.Common", "FootballStatsApi.Dal.Common\FootballStatsApi.Dal.Common.csproj", "{DCD91DC0-300A-4618-8834-E726D80550A3}"
EndProject
Project("{FAE04EC0-301F-11D3-BF4B-00C04F79EFBC}") = "FootballStatsApi.Dal.SqlServer", "FootballStatsApi.Dal.SqlServer\FootballStatsApi.Dal.SqlServer.csproj", "{196FCA35-2F0A-41FB-BA85-1B7F819B98CE}"
EndProject
Project("{00D1A9C2-B5F0-4AF3-8072-F6C62B433612}") = "FootballStatsApi.Database", "FootballStatsApi.Database\FootballStatsApi.Database.sqlproj", "{89F13209-07F3-4BC9-B489-0C74D37D76D7}"
EndProject
Project("{2150E333-8FDC-42A3-9474-1A3956D46DE8}") = "src", "src", "{F78F413E-46B2-483E-B01C-CDC4E301AEB2}"
EndProject
Project("{2150E333-8FDC-42A3-9474-1A3956D46DE8}") = "test", "test", "{C18FF1F6-DF87-4A47-9E0A-694511A0045C}"
EndProject
Project("{FAE04EC0-301F-11D3-BF4B-00C04F79EFBC}") = "FootballStats.Api.Dal.SqlServer.IntegrationTests", "FootballStats.Api.Dal.SqlServer.IntegrationTests\FootballStats.Api.Dal.SqlServer.IntegrationTests.csproj", "{B46680BF-C9D5-494F-9936-9E33C34248D9}"
EndProject
Project("{FAE04EC0-301F-11D3-BF4B-00C04F79EFBC}") = "FootballStatsApi.IntegrationTests", "FootballStatsApi.IntegrationTests\FootballStatsApi.IntegrationTests.csproj", "{CE13FD3A-D893-49CD-8DAD-9969386361D1}"
EndProject
Project("{FAE04EC0-301F-11D3-BF4B-00C04F79EFBC}") = "FootballStatsActor", "FootballStatsActor\FootballStatsActor.csproj", "{4348EC64-481A-4944-9391-4E3DBBA3B1F7}"
EndProject
Project("{FAE04EC0-301F-11D3-BF4B-00C04F79EFBC}") = "FootballStatsActor.Interfaces", "FootballStatsActor.Interfaces\FootballStatsActor.Interfaces.csproj", "{99F688AD-D2CE-46DD-A6FB-584600CAE375}"
EndProject
Project("{FAE04EC0-301F-11D3-BF4B-00C04F79EFBC}") = "FootballStatsApi.Dal.SfActor", "FootballStatsApi.Dal.SfActor\FootballStatsApi.Dal.SfActor.csproj", "{3FA9A836-AAC9-4958-A6CB-AB975ABA2F49}"
EndProject
Global
	GlobalSection(SolutionConfigurationPlatforms) = preSolution
		Debug|Any CPU = Debug|Any CPU
		Debug|x64 = Debug|x64
		Release|Any CPU = Release|Any CPU
		Release|x64 = Release|x64
	EndGlobalSection
	GlobalSection(ProjectConfigurationPlatforms) = postSolution
		{82B200C3-4913-424B-9AA7-13F64C7D4904}.Debug|Any CPU.ActiveCfg = Debug|x64
		{82B200C3-4913-424B-9AA7-13F64C7D4904}.Debug|Any CPU.Build.0 = Debug|x64
		{82B200C3-4913-424B-9AA7-13F64C7D4904}.Debug|Any CPU.Deploy.0 = Debug|x64
		{82B200C3-4913-424B-9AA7-13F64C7D4904}.Debug|x64.ActiveCfg = Debug|x64
		{82B200C3-4913-424B-9AA7-13F64C7D4904}.Debug|x64.Build.0 = Debug|x64
		{82B200C3-4913-424B-9AA7-13F64C7D4904}.Debug|x64.Deploy.0 = Debug|x64
		{82B200C3-4913-424B-9AA7-13F64C7D4904}.Release|Any CPU.ActiveCfg = Release|x64
		{82B200C3-4913-424B-9AA7-13F64C7D4904}.Release|x64.ActiveCfg = Release|x64
		{82B200C3-4913-424B-9AA7-13F64C7D4904}.Release|x64.Build.0 = Release|x64
		{82B200C3-4913-424B-9AA7-13F64C7D4904}.Release|x64.Deploy.0 = Release|x64
		{3074A97F-0AE1-4EC4-833B-91DABEE34014}.Debug|Any CPU.ActiveCfg = Debug|Any CPU
		{3074A97F-0AE1-4EC4-833B-91DABEE34014}.Debug|Any CPU.Build.0 = Debug|Any CPU
		{3074A97F-0AE1-4EC4-833B-91DABEE34014}.Debug|x64.ActiveCfg = Debug|Any CPU
		{3074A97F-0AE1-4EC4-833B-91DABEE34014}.Debug|x64.Build.0 = Debug|Any CPU
		{3074A97F-0AE1-4EC4-833B-91DABEE34014}.Release|Any CPU.ActiveCfg = Release|Any CPU
		{3074A97F-0AE1-4EC4-833B-91DABEE34014}.Release|Any CPU.Build.0 = Release|Any CPU
		{3074A97F-0AE1-4EC4-833B-91DABEE34014}.Release|x64.ActiveCfg = Release|Any CPU
		{3074A97F-0AE1-4EC4-833B-91DABEE34014}.Release|x64.Build.0 = Release|Any CPU
		{A9C5B424-964D-4A0D-852F-18B1EF0929B9}.Debug|Any CPU.ActiveCfg = Debug|Any CPU
		{A9C5B424-964D-4A0D-852F-18B1EF0929B9}.Debug|Any CPU.Build.0 = Debug|Any CPU
		{A9C5B424-964D-4A0D-852F-18B1EF0929B9}.Debug|x64.ActiveCfg = Debug|Any CPU
		{A9C5B424-964D-4A0D-852F-18B1EF0929B9}.Debug|x64.Build.0 = Debug|Any CPU
		{A9C5B424-964D-4A0D-852F-18B1EF0929B9}.Release|Any CPU.ActiveCfg = Release|Any CPU
		{A9C5B424-964D-4A0D-852F-18B1EF0929B9}.Release|Any CPU.Build.0 = Release|Any CPU
		{A9C5B424-964D-4A0D-852F-18B1EF0929B9}.Release|x64.ActiveCfg = Release|Any CPU
		{A9C5B424-964D-4A0D-852F-18B1EF0929B9}.Release|x64.Build.0 = Release|Any CPU
		{DCD91DC0-300A-4618-8834-E726D80550A3}.Debug|Any CPU.ActiveCfg = Debug|Any CPU
		{DCD91DC0-300A-4618-8834-E726D80550A3}.Debug|Any CPU.Build.0 = Debug|Any CPU
		{DCD91DC0-300A-4618-8834-E726D80550A3}.Debug|x64.ActiveCfg = Debug|Any CPU
		{DCD91DC0-300A-4618-8834-E726D80550A3}.Debug|x64.Build.0 = Debug|Any CPU
		{DCD91DC0-300A-4618-8834-E726D80550A3}.Release|Any CPU.ActiveCfg = Release|Any CPU
		{DCD91DC0-300A-4618-8834-E726D80550A3}.Release|Any CPU.Build.0 = Release|Any CPU
		{DCD91DC0-300A-4618-8834-E726D80550A3}.Release|x64.ActiveCfg = Release|Any CPU
		{DCD91DC0-300A-4618-8834-E726D80550A3}.Release|x64.Build.0 = Release|Any CPU
		{196FCA35-2F0A-41FB-BA85-1B7F819B98CE}.Debug|Any CPU.ActiveCfg = Debug|Any CPU
		{196FCA35-2F0A-41FB-BA85-1B7F819B98CE}.Debug|Any CPU.Build.0 = Debug|Any CPU
		{196FCA35-2F0A-41FB-BA85-1B7F819B98CE}.Debug|x64.ActiveCfg = Debug|Any CPU
		{196FCA35-2F0A-41FB-BA85-1B7F819B98CE}.Debug|x64.Build.0 = Debug|Any CPU
		{196FCA35-2F0A-41FB-BA85-1B7F819B98CE}.Release|Any CPU.ActiveCfg = Release|Any CPU
		{196FCA35-2F0A-41FB-BA85-1B7F819B98CE}.Release|Any CPU.Build.0 = Release|Any CPU
		{196FCA35-2F0A-41FB-BA85-1B7F819B98CE}.Release|x64.ActiveCfg = Release|Any CPU
		{196FCA35-2F0A-41FB-BA85-1B7F819B98CE}.Release|x64.Build.0 = Release|Any CPU
		{89F13209-07F3-4BC9-B489-0C74D37D76D7}.Debug|Any CPU.ActiveCfg = Debug|Any CPU
		{89F13209-07F3-4BC9-B489-0C74D37D76D7}.Debug|Any CPU.Build.0 = Debug|Any CPU
		{89F13209-07F3-4BC9-B489-0C74D37D76D7}.Debug|Any CPU.Deploy.0 = Debug|Any CPU
		{89F13209-07F3-4BC9-B489-0C74D37D76D7}.Debug|x64.ActiveCfg = Debug|Any CPU
		{89F13209-07F3-4BC9-B489-0C74D37D76D7}.Debug|x64.Build.0 = Debug|Any CPU
		{89F13209-07F3-4BC9-B489-0C74D37D76D7}.Debug|x64.Deploy.0 = Debug|Any CPU
		{89F13209-07F3-4BC9-B489-0C74D37D76D7}.Release|Any CPU.ActiveCfg = Release|Any CPU
		{89F13209-07F3-4BC9-B489-0C74D37D76D7}.Release|Any CPU.Build.0 = Release|Any CPU
		{89F13209-07F3-4BC9-B489-0C74D37D76D7}.Release|Any CPU.Deploy.0 = Release|Any CPU
		{89F13209-07F3-4BC9-B489-0C74D37D76D7}.Release|x64.ActiveCfg = Release|Any CPU
		{89F13209-07F3-4BC9-B489-0C74D37D76D7}.Release|x64.Build.0 = Release|Any CPU
		{89F13209-07F3-4BC9-B489-0C74D37D76D7}.Release|x64.Deploy.0 = Release|Any CPU
		{B46680BF-C9D5-494F-9936-9E33C34248D9}.Debug|Any CPU.ActiveCfg = Debug|Any CPU
		{B46680BF-C9D5-494F-9936-9E33C34248D9}.Debug|Any CPU.Build.0 = Debug|Any CPU
		{B46680BF-C9D5-494F-9936-9E33C34248D9}.Debug|x64.ActiveCfg = Debug|Any CPU
		{B46680BF-C9D5-494F-9936-9E33C34248D9}.Debug|x64.Build.0 = Debug|Any CPU
		{B46680BF-C9D5-494F-9936-9E33C34248D9}.Release|Any CPU.ActiveCfg = Release|Any CPU
		{B46680BF-C9D5-494F-9936-9E33C34248D9}.Release|Any CPU.Build.0 = Release|Any CPU
		{B46680BF-C9D5-494F-9936-9E33C34248D9}.Release|x64.ActiveCfg = Release|Any CPU
		{B46680BF-C9D5-494F-9936-9E33C34248D9}.Release|x64.Build.0 = Release|Any CPU
		{CE13FD3A-D893-49CD-8DAD-9969386361D1}.Debug|Any CPU.ActiveCfg = Debug|Any CPU
		{CE13FD3A-D893-49CD-8DAD-9969386361D1}.Debug|Any CPU.Build.0 = Debug|Any CPU
		{CE13FD3A-D893-49CD-8DAD-9969386361D1}.Debug|x64.ActiveCfg = Debug|Any CPU
		{CE13FD3A-D893-49CD-8DAD-9969386361D1}.Debug|x64.Build.0 = Debug|Any CPU
		{CE13FD3A-D893-49CD-8DAD-9969386361D1}.Release|Any CPU.ActiveCfg = Release|Any CPU
		{CE13FD3A-D893-49CD-8DAD-9969386361D1}.Release|Any CPU.Build.0 = Release|Any CPU
		{CE13FD3A-D893-49CD-8DAD-9969386361D1}.Release|x64.ActiveCfg = Release|Any CPU
		{CE13FD3A-D893-49CD-8DAD-9969386361D1}.Release|x64.Build.0 = Release|Any CPU
		{4348EC64-481A-4944-9391-4E3DBBA3B1F7}.Debug|Any CPU.ActiveCfg = Debug|x64
		{4348EC64-481A-4944-9391-4E3DBBA3B1F7}.Debug|Any CPU.Build.0 = Debug|x64
		{4348EC64-481A-4944-9391-4E3DBBA3B1F7}.Debug|x64.ActiveCfg = Debug|x64
		{4348EC64-481A-4944-9391-4E3DBBA3B1F7}.Debug|x64.Build.0 = Debug|x64
		{4348EC64-481A-4944-9391-4E3DBBA3B1F7}.Release|Any CPU.ActiveCfg = Release|x64
		{4348EC64-481A-4944-9391-4E3DBBA3B1F7}.Release|x64.ActiveCfg = Release|x64
		{4348EC64-481A-4944-9391-4E3DBBA3B1F7}.Release|x64.Build.0 = Release|x64
		{99F688AD-D2CE-46DD-A6FB-584600CAE375}.Debug|Any CPU.ActiveCfg = Debug|x64
		{99F688AD-D2CE-46DD-A6FB-584600CAE375}.Debug|Any CPU.Build.0 = Debug|x64
		{99F688AD-D2CE-46DD-A6FB-584600CAE375}.Debug|x64.ActiveCfg = Debug|x64
		{99F688AD-D2CE-46DD-A6FB-584600CAE375}.Debug|x64.Build.0 = Debug|x64
		{99F688AD-D2CE-46DD-A6FB-584600CAE375}.Release|Any CPU.ActiveCfg = Release|x64
		{99F688AD-D2CE-46DD-A6FB-584600CAE375}.Release|x64.ActiveCfg = Release|x64
		{99F688AD-D2CE-46DD-A6FB-584600CAE375}.Release|x64.Build.0 = Release|x64
		{3FA9A836-AAC9-4958-A6CB-AB975ABA2F49}.Debug|Any CPU.ActiveCfg = Debug|Any CPU
		{3FA9A836-AAC9-4958-A6CB-AB975ABA2F49}.Debug|Any CPU.Build.0 = Debug|Any CPU
		{3FA9A836-AAC9-4958-A6CB-AB975ABA2F49}.Debug|x64.ActiveCfg = Debug|Any CPU
		{3FA9A836-AAC9-4958-A6CB-AB975ABA2F49}.Debug|x64.Build.0 = Debug|Any CPU
		{3FA9A836-AAC9-4958-A6CB-AB975ABA2F49}.Release|Any CPU.ActiveCfg = Release|Any CPU
		{3FA9A836-AAC9-4958-A6CB-AB975ABA2F49}.Release|Any CPU.Build.0 = Release|Any CPU
		{3FA9A836-AAC9-4958-A6CB-AB975ABA2F49}.Release|x64.ActiveCfg = Release|Any CPU
		{3FA9A836-AAC9-4958-A6CB-AB975ABA2F49}.Release|x64.Build.0 = Release|Any CPU
	EndGlobalSection
	GlobalSection(SolutionProperties) = preSolution
		HideSolutionNode = FALSE
	EndGlobalSection
	GlobalSection(NestedProjects) = preSolution
		{82B200C3-4913-424B-9AA7-13F64C7D4904} = {F78F413E-46B2-483E-B01C-CDC4E301AEB2}
		{3074A97F-0AE1-4EC4-833B-91DABEE34014} = {F78F413E-46B2-483E-B01C-CDC4E301AEB2}
		{A9C5B424-964D-4A0D-852F-18B1EF0929B9} = {F78F413E-46B2-483E-B01C-CDC4E301AEB2}
		{DCD91DC0-300A-4618-8834-E726D80550A3} = {F78F413E-46B2-483E-B01C-CDC4E301AEB2}
		{196FCA35-2F0A-41FB-BA85-1B7F819B98CE} = {F78F413E-46B2-483E-B01C-CDC4E301AEB2}
		{89F13209-07F3-4BC9-B489-0C74D37D76D7} = {F78F413E-46B2-483E-B01C-CDC4E301AEB2}
		{B46680BF-C9D5-494F-9936-9E33C34248D9} = {C18FF1F6-DF87-4A47-9E0A-694511A0045C}
		{CE13FD3A-D893-49CD-8DAD-9969386361D1} = {C18FF1F6-DF87-4A47-9E0A-694511A0045C}
		{4348EC64-481A-4944-9391-4E3DBBA3B1F7} = {F78F413E-46B2-483E-B01C-CDC4E301AEB2}
		{99F688AD-D2CE-46DD-A6FB-584600CAE375} = {F78F413E-46B2-483E-B01C-CDC4E301AEB2}
		{3FA9A836-AAC9-4958-A6CB-AB975ABA2F49} = {F78F413E-46B2-483E-B01C-CDC4E301AEB2}
	EndGlobalSection
	GlobalSection(ExtensibilityGlobals) = postSolution
		SolutionGuid = {277BB70F-CAF9-47BB-A504-A7BEB41015AE}
	EndGlobalSection
EndGlobal
